// !$*UTF8*$!
{
	archiveVersion = 1;
	classes = {
	};
	objectVersion = 56;
	objects = {

/* Begin PBXBuildFile section */
		9681F938296258D7006402C6 /* ThreeColumnExampleApp.swift in Sources */ = {isa = PBXBuildFile; fileRef = 9681F937296258D7006402C6 /* ThreeColumnExampleApp.swift */; };
		9681F93A296258D7006402C6 /* ContentView.swift in Sources */ = {isa = PBXBuildFile; fileRef = 9681F939296258D7006402C6 /* ContentView.swift */; };
		9681F93C296258D8006402C6 /* Assets.xcassets in Resources */ = {isa = PBXBuildFile; fileRef = 9681F93B296258D8006402C6 /* Assets.xcassets */; };
		9681F93F296258D8006402C6 /* Preview Assets.xcassets in Resources */ = {isa = PBXBuildFile; fileRef = 9681F93E296258D8006402C6 /* Preview Assets.xcassets */; };
		9681F94A29626106006402C6 /* SidebarView.swift in Sources */ = {isa = PBXBuildFile; fileRef = 9681F94929626106006402C6 /* SidebarView.swift */; };
		9681F94D29627F62006402C6 /* TCEItem.swift in Sources */ = {isa = PBXBuildFile; fileRef = 9681F94C29627F62006402C6 /* TCEItem.swift */; };
		9681F951296288B1006402C6 /* Bundle+Extension.swift in Sources */ = {isa = PBXBuildFile; fileRef = 9681F950296288B1006402C6 /* Bundle+Extension.swift */; };
		9681F95329628A45006402C6 /* TCEItemType.swift in Sources */ = {isa = PBXBuildFile; fileRef = 9681F95229628A45006402C6 /* TCEItemType.swift */; };
		9681F95529628A59006402C6 /* TCEFolder.swift in Sources */ = {isa = PBXBuildFile; fileRef = 9681F95429628A59006402C6 /* TCEFolder.swift */; };
		9681F95729628ADD006402C6 /* data.json in Resources */ = {isa = PBXBuildFile; fileRef = 9681F95629628ADD006402C6 /* data.json */; };
		9681F95A29628F67006402C6 /* Constants.swift in Sources */ = {isa = PBXBuildFile; fileRef = 9681F95929628F67006402C6 /* Constants.swift */; };
		9681F95C29629502006402C6 /* AppState.swift in Sources */ = {isa = PBXBuildFile; fileRef = 9681F95B29629502006402C6 /* AppState.swift */; };
/* End PBXBuildFile section */

/* Begin PBXFileReference section */
		9681F934296258D7006402C6 /* ThreeColumnExample.app */ = {isa = PBXFileReference; explicitFileType = wrapper.application; includeInIndex = 0; path = ThreeColumnExample.app; sourceTree = BUILT_PRODUCTS_DIR; };
		9681F937296258D7006402C6 /* ThreeColumnExampleApp.swift */ = {isa = PBXFileReference; lastKnownFileType = sourcecode.swift; path = ThreeColumnExampleApp.swift; sourceTree = "<group>"; };
		9681F939296258D7006402C6 /* ContentView.swift */ = {isa = PBXFileReference; lastKnownFileType = sourcecode.swift; path = ContentView.swift; sourceTree = "<group>"; };
		9681F93B296258D8006402C6 /* Assets.xcassets */ = {isa = PBXFileReference; lastKnownFileType = folder.assetcatalog; path = Assets.xcassets; sourceTree = "<group>"; };
		9681F93E296258D8006402C6 /* Preview Assets.xcassets */ = {isa = PBXFileReference; lastKnownFileType = folder.assetcatalog; path = "Preview Assets.xcassets"; sourceTree = "<group>"; };
		9681F940296258D8006402C6 /* ThreeColumnExample.entitlements */ = {isa = PBXFileReference; lastKnownFileType = text.plist.entitlements; path = ThreeColumnExample.entitlements; sourceTree = "<group>"; };
		9681F94929626106006402C6 /* SidebarView.swift */ = {isa = PBXFileReference; lastKnownFileType = sourcecode.swift; path = SidebarView.swift; sourceTree = "<group>"; };
		9681F94C29627F62006402C6 /* TCEItem.swift */ = {isa = PBXFileReference; lastKnownFileType = sourcecode.swift; path = TCEItem.swift; sourceTree = "<group>"; };
		9681F950296288B1006402C6 /* Bundle+Extension.swift */ = {isa = PBXFileReference; lastKnownFileType = sourcecode.swift; path = "Bundle+Extension.swift"; sourceTree = "<group>"; };
		9681F95229628A45006402C6 /* TCEItemType.swift */ = {isa = PBXFileReference; lastKnownFileType = sourcecode.swift; path = TCEItemType.swift; sourceTree = "<group>"; };
		9681F95429628A59006402C6 /* TCEFolder.swift */ = {isa = PBXFileReference; lastKnownFileType = sourcecode.swift; path = TCEFolder.swift; sourceTree = "<group>"; };
		9681F95629628ADD006402C6 /* data.json */ = {isa = PBXFileReference; fileEncoding = 4; lastKnownFileType = text.json; path = data.json; sourceTree = "<group>"; };
		9681F95929628F67006402C6 /* Constants.swift */ = {isa = PBXFileReference; lastKnownFileType = sourcecode.swift; path = Constants.swift; sourceTree = "<group>"; };
		9681F95B29629502006402C6 /* AppState.swift */ = {isa = PBXFileReference; lastKnownFileType = sourcecode.swift; path = AppState.swift; sourceTree = "<group>"; };
/* End PBXFileReference section */

/* Begin PBXFrameworksBuildPhase section */
		9681F931296258D7006402C6 /* Frameworks */ = {
			isa = PBXFrameworksBuildPhase;
			buildActionMask = 2147483647;
			files = (
			);
			runOnlyForDeploymentPostprocessing = 0;
		};
/* End PBXFrameworksBuildPhase section */

/* Begin PBXGroup section */
		9681F92B296258D7006402C6 = {
			isa = PBXGroup;
			children = (
				9681F936296258D7006402C6 /* ThreeColumnExample */,
				9681F935296258D7006402C6 /* Products */,
			);
			sourceTree = "<group>";
		};
		9681F935296258D7006402C6 /* Products */ = {
			isa = PBXGroup;
			children = (
				9681F934296258D7006402C6 /* ThreeColumnExample.app */,
			);
			name = Products;
			sourceTree = "<group>";
		};
		9681F936296258D7006402C6 /* ThreeColumnExample */ = {
			isa = PBXGroup;
			children = (
				9681F95829628F2D006402C6 /* Constants */,
				9681F94F2962884B006402C6 /* Extension */,
				9681F94E2962880E006402C6 /* Data */,
				9681F94B29627F25006402C6 /* Model */,
				9681F94629625901006402C6 /* App */,
				9681F937296258D7006402C6 /* ThreeColumnExampleApp.swift */,
				9681F93B296258D8006402C6 /* Assets.xcassets */,
				9681F940296258D8006402C6 /* ThreeColumnExample.entitlements */,
				9681F93D296258D8006402C6 /* Preview Content */,
			);
			path = ThreeColumnExample;
			sourceTree = "<group>";
		};
		9681F93D296258D8006402C6 /* Preview Content */ = {
			isa = PBXGroup;
			children = (
				9681F93E296258D8006402C6 /* Preview Assets.xcassets */,
			);
			path = "Preview Content";
			sourceTree = "<group>";
		};
		9681F94629625901006402C6 /* App */ = {
			isa = PBXGroup;
			children = (
				9681F939296258D7006402C6 /* ContentView.swift */,
				9681F94929626106006402C6 /* SidebarView.swift */,
			);
			path = App;
			sourceTree = "<group>";
		};
		9681F94B29627F25006402C6 /* Model */ = {
			isa = PBXGroup;
			children = (
				9681F94C29627F62006402C6 /* TCEItem.swift */,
				9681F95229628A45006402C6 /* TCEItemType.swift */,
				9681F95429628A59006402C6 /* TCEFolder.swift */,
				9681F95B29629502006402C6 /* AppState.swift */,
			);
			path = Model;
			sourceTree = "<group>";
		};
		9681F94E2962880E006402C6 /* Data */ = {
			isa = PBXGroup;
			children = (
				9681F95629628ADD006402C6 /* data.json */,
			);
			path = Data;
			sourceTree = "<group>";
		};
		9681F94F2962884B006402C6 /* Extension */ = {
			isa = PBXGroup;
			children = (
				9681F950296288B1006402C6 /* Bundle+Extension.swift */,
			);
			path = Extension;
			sourceTree = "<group>";
		};
		9681F95829628F2D006402C6 /* Constants */ = {
			isa = PBXGroup;
			children = (
				9681F95929628F67006402C6 /* Constants.swift */,
			);
			path = Constants;
			sourceTree = "<group>";
		};
/* End PBXGroup section */

/* Begin PBXNativeTarget section */
		9681F933296258D7006402C6 /* ThreeColumnExample */ = {
			isa = PBXNativeTarget;
			buildConfigurationList = 9681F943296258D8006402C6 /* Build configuration list for PBXNativeTarget "ThreeColumnExample" */;
			buildPhases = (
				9681F930296258D7006402C6 /* Sources */,
				9681F931296258D7006402C6 /* Frameworks */,
				9681F932296258D7006402C6 /* Resources */,
			);
			buildRules = (
			);
			dependencies = (
			);
			name = ThreeColumnExample;
			productName = ThreeColumnExample;
			productReference = 9681F934296258D7006402C6 /* ThreeColumnExample.app */;
			productType = "com.apple.product-type.application";
		};
/* End PBXNativeTarget section */

/* Begin PBXProject section */
		9681F92C296258D7006402C6 /* Project object */ = {
			isa = PBXProject;
			attributes = {
				BuildIndependentTargetsInParallel = 1;
				LastSwiftUpdateCheck = 1420;
				LastUpgradeCheck = 1420;
				TargetAttributes = {
					9681F933296258D7006402C6 = {
						CreatedOnToolsVersion = 14.2;
					};
				};
			};
			buildConfigurationList = 9681F92F296258D7006402C6 /* Build configuration list for PBXProject "ThreeColumnExample" */;
			compatibilityVersion = "Xcode 14.0";
			developmentRegion = en;
			hasScannedForEncodings = 0;
			knownRegions = (
				en,
				Base,
			);
			mainGroup = 9681F92B296258D7006402C6;
			productRefGroup = 9681F935296258D7006402C6 /* Products */;
			projectDirPath = "";
			projectRoot = "";
			targets = (
				9681F933296258D7006402C6 /* ThreeColumnExample */,
			);
		};
/* End PBXProject section */

/* Begin PBXResourcesBuildPhase section */
		9681F932296258D7006402C6 /* Resources */ = {
			isa = PBXResourcesBuildPhase;
			buildActionMask = 2147483647;
			files = (
				9681F93F296258D8006402C6 /* Preview Assets.xcassets in Resources */,
				9681F95729628ADD006402C6 /* data.json in Resources */,
				9681F93C296258D8006402C6 /* Assets.xcassets in Resources */,
			);
			runOnlyForDeploymentPostprocessing = 0;
		};
/* End PBXResourcesBuildPhase section */

/* Begin PBXSourcesBuildPhase section */
		9681F930296258D7006402C6 /* Sources */ = {
			isa = PBXSourcesBuildPhase;
			buildActionMask = 2147483647;
			files = (
				9681F95C29629502006402C6 /* AppState.swift in Sources */,
				9681F93A296258D7006402C6 /* ContentView.swift in Sources */,
				9681F951296288B1006402C6 /* Bundle+Extension.swift in Sources */,
				9681F938296258D7006402C6 /* ThreeColumnExampleApp.swift in Sources */,
				9681F94A29626106006402C6 /* SidebarView.swift in Sources */,
				9681F94D29627F62006402C6 /* TCEItem.swift in Sources */,
				9681F95529628A59006402C6 /* TCEFolder.swift in Sources */,
				9681F95329628A45006402C6 /* TCEItemType.swift in Sources */,
				9681F95A29628F67006402C6 /* Constants.swift in Sources */,
			);
			runOnlyForDeploymentPostprocessing = 0;
		};
/* End PBXSourcesBuildPhase section */

/* Begin XCBuildConfiguration section */
		9681F941296258D8006402C6 /* Debug */ = {
			isa = XCBuildConfiguration;
			buildSettings = {
				ALWAYS_SEARCH_USER_PATHS = NO;
				CLANG_ANALYZER_NONNULL = YES;
				CLANG_ANALYZER_NUMBER_OBJECT_CONVERSION = YES_AGGRESSIVE;
				CLANG_CXX_LANGUAGE_STANDARD = "gnu++20";
				CLANG_ENABLE_MODULES = YES;
				CLANG_ENABLE_OBJC_ARC = YES;
				CLANG_ENABLE_OBJC_WEAK = YES;
				CLANG_WARN_BLOCK_CAPTURE_AUTORELEASING = YES;
				CLANG_WARN_BOOL_CONVERSION = YES;
				CLANG_WARN_COMMA = YES;
				CLANG_WARN_CONSTANT_CONVERSION = YES;
				CLANG_WARN_DEPRECATED_OBJC_IMPLEMENTATIONS = YES;
				CLANG_WARN_DIRECT_OBJC_ISA_USAGE = YES_ERROR;
				CLANG_WARN_DOCUMENTATION_COMMENTS = YES;
				CLANG_WARN_EMPTY_BODY = YES;
				CLANG_WARN_ENUM_CONVERSION = YES;
				CLANG_WARN_INFINITE_RECURSION = YES;
				CLANG_WARN_INT_CONVERSION = YES;
				CLANG_WARN_NON_LITERAL_NULL_CONVERSION = YES;
				CLANG_WARN_OBJC_IMPLICIT_RETAIN_SELF = YES;
				CLANG_WARN_OBJC_LITERAL_CONVERSION = YES;
				CLANG_WARN_OBJC_ROOT_CLASS = YES_ERROR;
				CLANG_WARN_QUOTED_INCLUDE_IN_FRAMEWORK_HEADER = YES;
				CLANG_WARN_RANGE_LOOP_ANALYSIS = YES;
				CLANG_WARN_STRICT_PROTOTYPES = YES;
				CLANG_WARN_SUSPICIOUS_MOVE = YES;
				CLANG_WARN_UNGUARDED_AVAILABILITY = YES_AGGRESSIVE;
				CLANG_WARN_UNREACHABLE_CODE = YES;
				CLANG_WARN__DUPLICATE_METHOD_MATCH = YES;
				COPY_PHASE_STRIP = NO;
				DEBUG_INFORMATION_FORMAT = dwarf;
				ENABLE_STRICT_OBJC_MSGSEND = YES;
				ENABLE_TESTABILITY = YES;
				GCC_C_LANGUAGE_STANDARD = gnu11;
				GCC_DYNAMIC_NO_PIC = NO;
				GCC_NO_COMMON_BLOCKS = YES;
				GCC_OPTIMIZATION_LEVEL = 0;
				GCC_PREPROCESSOR_DEFINITIONS = (
					"DEBUG=1",
					"$(inherited)",
				);
				GCC_WARN_64_TO_32_BIT_CONVERSION = YES;
				GCC_WARN_ABOUT_RETURN_TYPE = YES_ERROR;
				GCC_WARN_UNDECLARED_SELECTOR = YES;
				GCC_WARN_UNINITIALIZED_AUTOS = YES_AGGRESSIVE;
				GCC_WARN_UNUSED_FUNCTION = YES;
				GCC_WARN_UNUSED_VARIABLE = YES;
				MACOSX_DEPLOYMENT_TARGET = 13.1;
				MTL_ENABLE_DEBUG_INFO = INCLUDE_SOURCE;
				MTL_FAST_MATH = YES;
				ONLY_ACTIVE_ARCH = YES;
				SDKROOT = macosx;
				SWIFT_ACTIVE_COMPILATION_CONDITIONS = DEBUG;
				SWIFT_OPTIMIZATION_LEVEL = "-Onone";
			};
			name = Debug;
		};
		9681F942296258D8006402C6 /* Release */ = {
			isa = XCBuildConfiguration;
			buildSettings = {
				ALWAYS_SEARCH_USER_PATHS = NO;
				CLANG_ANALYZER_NONNULL = YES;
				CLANG_ANALYZER_NUMBER_OBJECT_CONVERSION = YES_AGGRESSIVE;
				CLANG_CXX_LANGUAGE_STANDARD = "gnu++20";
				CLANG_ENABLE_MODULES = YES;
				CLANG_ENABLE_OBJC_ARC = YES;
				CLANG_ENABLE_OBJC_WEAK = YES;
				CLANG_WARN_BLOCK_CAPTURE_AUTORELEASING = YES;
				CLANG_WARN_BOOL_CONVERSION = YES;
				CLANG_WARN_COMMA = YES;
				CLANG_WARN_CONSTANT_CONVERSION = YES;
				CLANG_WARN_DEPRECATED_OBJC_IMPLEMENTATIONS = YES;
				CLANG_WARN_DIRECT_OBJC_ISA_USAGE = YES_ERROR;
				CLANG_WARN_DOCUMENTATION_COMMENTS = YES;
				CLANG_WARN_EMPTY_BODY = YES;
				CLANG_WARN_ENUM_CONVERSION = YES;
				CLANG_WARN_INFINITE_RECURSION = YES;
				CLANG_WARN_INT_CONVERSION = YES;
				CLANG_WARN_NON_LITERAL_NULL_CONVERSION = YES;
				CLANG_WARN_OBJC_IMPLICIT_RETAIN_SELF = YES;
				CLANG_WARN_OBJC_LITERAL_CONVERSION = YES;
				CLANG_WARN_OBJC_ROOT_CLASS = YES_ERROR;
				CLANG_WARN_QUOTED_INCLUDE_IN_FRAMEWORK_HEADER = YES;
				CLANG_WARN_RANGE_LOOP_ANALYSIS = YES;
				CLANG_WARN_STRICT_PROTOTYPES = YES;
				CLANG_WARN_SUSPICIOUS_MOVE = YES;
				CLANG_WARN_UNGUARDED_AVAILABILITY = YES_AGGRESSIVE;
				CLANG_WARN_UNREACHABLE_CODE = YES;
				CLANG_WARN__DUPLICATE_METHOD_MATCH = YES;
				COPY_PHASE_STRIP = NO;
				DEBUG_INFORMATION_FORMAT = "dwarf-with-dsym";
				ENABLE_NS_ASSERTIONS = NO;
				ENABLE_STRICT_OBJC_MSGSEND = YES;
				GCC_C_LANGUAGE_STANDARD = gnu11;
				GCC_NO_COMMON_BLOCKS = YES;
				GCC_WARN_64_TO_32_BIT_CONVERSION = YES;
				GCC_WARN_ABOUT_RETURN_TYPE = YES_ERROR;
				GCC_WARN_UNDECLARED_SELECTOR = YES;
				GCC_WARN_UNINITIALIZED_AUTOS = YES_AGGRESSIVE;
				GCC_WARN_UNUSED_FUNCTION = YES;
				GCC_WARN_UNUSED_VARIABLE = YES;
				MACOSX_DEPLOYMENT_TARGET = 13.1;
				MTL_ENABLE_DEBUG_INFO = NO;
				MTL_FAST_MATH = YES;
				SDKROOT = macosx;
				SWIFT_COMPILATION_MODE = wholemodule;
				SWIFT_OPTIMIZATION_LEVEL = "-O";
			};
			name = Release;
		};
		9681F944296258D8006402C6 /* Debug */ = {
			isa = XCBuildConfiguration;
			buildSettings = {
				ASSETCATALOG_COMPILER_APPICON_NAME = AppIcon;
				ASSETCATALOG_COMPILER_GLOBAL_ACCENT_COLOR_NAME = AccentColor;
				CODE_SIGN_ENTITLEMENTS = ThreeColumnExample/ThreeColumnExample.entitlements;
				CODE_SIGN_STYLE = Automatic;
				COMBINE_HIDPI_IMAGES = YES;
				CURRENT_PROJECT_VERSION = 1;
				DEVELOPMENT_ASSET_PATHS = "\"ThreeColumnExample/Preview Content\"";
				DEVELOPMENT_TEAM = TWSS92LN5D;
				ENABLE_HARDENED_RUNTIME = YES;
				ENABLE_PREVIEWS = YES;
				GENERATE_INFOPLIST_FILE = YES;
				INFOPLIST_KEY_NSHumanReadableCopyright = "";
				LD_RUNPATH_SEARCH_PATHS = (
					"$(inherited)",
					"@executable_path/../Frameworks",
				);
				MARKETING_VERSION = 1.0;
				PRODUCT_BUNDLE_IDENTIFIER = com.jagrider.ThreeColumnExample;
				PRODUCT_NAME = "$(TARGET_NAME)";
				SWIFT_EMIT_LOC_STRINGS = YES;
				SWIFT_VERSION = 5.0;
			};
			name = Debug;
		};
		9681F945296258D8006402C6 /* Release */ = {
			isa = XCBuildConfiguration;
			buildSettings = {
				ASSETCATALOG_COMPILER_APPICON_NAME = AppIcon;
				ASSETCATALOG_COMPILER_GLOBAL_ACCENT_COLOR_NAME = AccentColor;
				CODE_SIGN_ENTITLEMENTS = ThreeColumnExample/ThreeColumnExample.entitlements;
				CODE_SIGN_STYLE = Automatic;
				COMBINE_HIDPI_IMAGES = YES;
				CURRENT_PROJECT_VERSION = 1;
				DEVELOPMENT_ASSET_PATHS = "\"ThreeColumnExample/Preview Content\"";
				DEVELOPMENT_TEAM = TWSS92LN5D;
				ENABLE_HARDENED_RUNTIME = YES;
				ENABLE_PREVIEWS = YES;
				GENERATE_INFOPLIST_FILE = YES;
				INFOPLIST_KEY_NSHumanReadableCopyright = "";
				LD_RUNPATH_SEARCH_PATHS = (
					"$(inherited)",
					"@executable_path/../Frameworks",
				);
				MARKETING_VERSION = 1.0;
				PRODUCT_BUNDLE_IDENTIFIER = com.jagrider.ThreeColumnExample;
				PRODUCT_NAME = "$(TARGET_NAME)";
				SWIFT_EMIT_LOC_STRINGS = YES;
				SWIFT_VERSION = 5.0;
			};
			name = Release;
		};
/* End XCBuildConfiguration section */

/* Begin XCConfigurationList section */
		9681F92F296258D7006402C6 /* Build configuration list for PBXProject "ThreeColumnExample" */ = {
			isa = XCConfigurationList;
			buildConfigurations = (
				9681F941296258D8006402C6 /* Debug */,
				9681F942296258D8006402C6 /* Release */,
			);
			defaultConfigurationIsVisible = 0;
			defaultConfigurationName = Release;
		};
		9681F943296258D8006402C6 /* Build configuration list for PBXNativeTarget "ThreeColumnExample" */ = {
			isa = XCConfigurationList;
			buildConfigurations = (
				9681F944296258D8006402C6 /* Debug */,
				9681F945296258D8006402C6 /* Release */,
			);
			defaultConfigurationIsVisible = 0;
			defaultConfigurationName = Release;
		};
/* End XCConfigurationList section */
	};
	rootObject = 9681F92C296258D7006402C6 /* Project object */;
}
